<?xml version="1.0" encoding="utf-8"?>
<Project ToolsVersion="4.0" xmlns="http://schemas.microsoft.com/developer/msbuild/2003">
  <ItemGroup>
    <Filter Include="Source Files">
      <UniqueIdentifier>{4FC737F1-C7A5-4376-A066-2A32D752A2FF}</UniqueIdentifier>
      <Extensions>cpp;c;cc;cxx;c++;cppm;ixx;def;odl;idl;hpj;bat;asm;asmx</Extensions>
    </Filter>
    <Filter Include="Header Files">
      <UniqueIdentifier>{93995380-89BD-4b04-88EB-625FBE52EBFB}</UniqueIdentifier>
      <Extensions>h;hh;hpp;hxx;h++;hm;inl;inc;ipp;xsd</Extensions>
    </Filter>
    <Filter Include="Resource Files">
      <UniqueIdentifier>{67DA6AB6-F800-4c08-8B7A-83BB121AAD01}</UniqueIdentifier>
      <Extensions>rc;ico;cur;bmp;dlg;rc2;rct;bin;rgs;gif;jpg;jpeg;jpe;resx;tiff;tif;png;wav;mfcribbon-ms</Extensions>
    </Filter>
    <Filter Include="SDK">
      <UniqueIdentifier>{8b0116ea-27f3-4f7a-8528-cec124099193}</UniqueIdentifier>
    </Filter>
    <Filter Include="SDK\SDK">
      <UniqueIdentifier>{9e92035b-7d83-4b37-a00c-1382b3f6353b}</UniqueIdentifier>
    </Filter>
    <Filter Include="Resources">
      <UniqueIdentifier>{3c9f6340-d05a-47f5-955c-2a0ec1dbe7bd}</UniqueIdentifier>
    </Filter>
    <Filter Include="Resources\AISpawnerLocations">
      <UniqueIdentifier>{b830fcad-0bdd-4f71-9009-dd5b12044883}</UniqueIdentifier>
    </Filter>
    <Filter Include="Hooks">
      <UniqueIdentifier>{f5b53557-7158-47bb-9247-83b7d72e088b}</UniqueIdentifier>
    </Filter>
    <Filter Include="Resources\Looting">
      <UniqueIdentifier>{9d198127-aee7-4ece-bc0a-7a3cea9bcd68}</UniqueIdentifier>
    </Filter>
  </ItemGroup>
  <ItemGroup>
    <ClInclude Include="framework.h">
      <Filter>Header Files</Filter>
    </ClInclude>
    <ClInclude Include="SDK\PropertyFixup.hpp">
      <Filter>SDK</Filter>
    </ClInclude>
    <ClInclude Include="SDK\SDK.hpp">
      <Filter>SDK</Filter>
    </ClInclude>
    <ClInclude Include="SDK\UnrealContainers.hpp">
      <Filter>SDK</Filter>
    </ClInclude>
    <ClInclude Include="SDK\UtfN.hpp">
      <Filter>SDK</Filter>
    </ClInclude>
    <ClInclude Include="SDK\SDK\FortniteGame_structs.hpp">
      <Filter>SDK\SDK</Filter>
    </ClInclude>
    <ClInclude Include="SDK\SDK\FortniteGame_classes.hpp">
      <Filter>SDK\SDK</Filter>
    </ClInclude>
    <ClInclude Include="SDK\SDK\FortniteGame_parameters.hpp">
      <Filter>SDK\SDK</Filter>
    </ClInclude>
    <ClInclude Include="SDK\SDK\AIModule_classes.hpp">
      <Filter>SDK\SDK</Filter>
    </ClInclude>
    <ClInclude Include="Globals.h">
      <Filter>Header Files</Filter>
    </ClInclude>
    <ClInclude Include="Replication.h">
      <Filter>Header Files</Filter>
    </ClInclude>
    <ClInclude Include="SDK\SDK\TacticalSprintRuntime_classes.hpp">
      <Filter>SDK\SDK</Filter>
    </ClInclude>
    <ClInclude Include="BossesSpawnLocs.h">
      <Filter>Resources\AISpawnerLocations</Filter>
    </ClInclude>
    <ClInclude Include="GuardSpawnLocs.h">
      <Filter>Resources\AISpawnerLocations</Filter>
    </ClInclude>
    <ClInclude Include="NpcSpawnLocs.h">
      <Filter>Resources\AISpawnerLocations</Filter>
    </ClInclude>
    <ClInclude Include="BotSpawner.h">
      <Filter>Header Files</Filter>
    </ClInclude>
    <ClInclude Include="Tick.h">
      <Filter>Hooks</Filter>
    </ClInclude>
    <ClInclude Include="Quests.h">
      <Filter>Hooks</Filter>
    </ClInclude>
    <ClInclude Include="PE.h">
      <Filter>Hooks</Filter>
    </ClInclude>
    <ClInclude Include="Controller.h">
      <Filter>Hooks</Filter>
    </ClInclude>
    <ClInclude Include="Net.h">
      <Filter>Hooks</Filter>
    </ClInclude>
    <ClInclude Include="Misc.h">
      <Filter>Hooks</Filter>
    </ClInclude>
    <ClInclude Include="Looting.h">
      <Filter>Hooks</Filter>
    </ClInclude>
    <ClInclude Include="GameMode.h">
      <Filter>Hooks</Filter>
    </ClInclude>
    <ClInclude Include="BuildingActor.h">
      <Filter>Hooks</Filter>
    </ClInclude>
    <ClInclude Include="FortAthenaAIBotController.h">
      <Filter>Hooks</Filter>
    </ClInclude>
    <ClInclude Include="AbilitySystemComponent.h">
      <Filter>Hooks</Filter>
    </ClInclude>
    <ClInclude Include="Inventory.h">
      <Filter>Header Files</Filter>
    </ClInclude>
    <ClInclude Include="Pawn.h">
      <Filter>Hooks</Filter>
    </ClInclude>
    <ClInclude Include="FortWeapon.h">
      <Filter>Hooks</Filter>
    </ClInclude>
    <ClInclude Include="PossibleLoot.h">
      <Filter>Resources\Looting</Filter>
    </ClInclude>
  </ItemGroup>
  <ItemGroup>
    <ClCompile Include="dllmain.cpp">
      <Filter>Source Files</Filter>
    </ClCompile>
    <ClCompile Include="SDK\SDK\AIModule_functions.cpp">
      <Filter>SDK\SDK</Filter>
    </ClCompile>
    <ClCompile Include="SDK\SDK\Basic.cpp">
      <Filter>SDK\SDK</Filter>
    </ClCompile>
    <ClCompile Include="SDK\SDK\CoreUObject_functions.cpp">
      <Filter>SDK\SDK</Filter>
    </ClCompile>
    <ClCompile Include="SDK\SDK\Engine_functions.cpp">
      <Filter>SDK\SDK</Filter>
    </ClCompile>
    <ClCompile Include="SDK\SDK\FortniteGame_functions.cpp">
      <Filter>SDK\SDK</Filter>
    </ClCompile>
    <ClCompile Include="SDK\SDK\GameplayAbilities_functions.cpp">
      <Filter>SDK\SDK</Filter>
    </ClCompile>
    <ClCompile Include="SDK\SDK\TacticalSprintRuntime_functions.cpp">
      <Filter>SDK\SDK</Filter>
    </ClCompile>
  </ItemGroup>
  <ItemGroup>
    <None Include="SDK\NameCollisions.inl">
      <Filter>SDK</Filter>
    </None>
  </ItemGroup>
</Project>